
Microsoft Visual Studio Solution File, Format Version 12.00
Project("{FAE04EC0-301F-11D3-BF4B-00C04F79EFBC}") = "SpaceAlice.Web", "SpaceAlice.Web\SpaceAlice.Web.csproj", "{4F104807-8BFE-4DDF-A45C-73203EA87EC5}"
EndProject
Project("{FAE04EC0-301F-11D3-BF4B-00C04F79EFBC}") = "SpaceAlice.Core", "SpaceAlice.Core\SpaceAlice.Core.csproj", "{AF40D111-B097-4FA2-A771-E29A39D28599}"
EndProject
Project("{FAE04EC0-301F-11D3-BF4B-00C04F79EFBC}") = "SpaceAlice.DataAccess", "SpaceAlice.DataAccess\SpaceAlice.DataAccess.csproj", "{267D571F-3FAE-4B65-94E8-81B7200C5EFF}"
EndProject
Global
	GlobalSection(SolutionConfigurationPlatforms) = preSolution
		Debug|Any CPU = Debug|Any CPU
		Release|Any CPU = Release|Any CPU
	EndGlobalSection
	GlobalSection(ProjectConfigurationPlatforms) = postSolution
		{4F104807-8BFE-4DDF-A45C-73203EA87EC5}.Debug|Any CPU.ActiveCfg = Debug|Any CPU
		{4F104807-8BFE-4DDF-A45C-73203EA87EC5}.Debug|Any CPU.Build.0 = Debug|Any CPU
		{4F104807-8BFE-4DDF-A45C-73203EA87EC5}.Release|Any CPU.ActiveCfg = Release|Any CPU
		{4F104807-8BFE-4DDF-A45C-73203EA87EC5}.Release|Any CPU.Build.0 = Release|Any CPU
		{AF40D111-B097-4FA2-A771-E29A39D28599}.Debug|Any CPU.ActiveCfg = Debug|Any CPU
		{AF40D111-B097-4FA2-A771-E29A39D28599}.Debug|Any CPU.Build.0 = Debug|Any CPU
		{AF40D111-B097-4FA2-A771-E29A39D28599}.Release|Any CPU.ActiveCfg = Release|Any CPU
		{AF40D111-B097-4FA2-A771-E29A39D28599}.Release|Any CPU.Build.0 = Release|Any CPU
		{267D571F-3FAE-4B65-94E8-81B7200C5EFF}.Debug|Any CPU.ActiveCfg = Debug|Any CPU
		{267D571F-3FAE-4B65-94E8-81B7200C5EFF}.Debug|Any CPU.Build.0 = Debug|Any CPU
		{267D571F-3FAE-4B65-94E8-81B7200C5EFF}.Release|Any CPU.ActiveCfg = Release|Any CPU
		{267D571F-3FAE-4B65-94E8-81B7200C5EFF}.Release|Any CPU.Build.0 = Release|Any CPU
	EndGlobalSection
EndGlobal
